
Microsoft Visual Studio Solution File, Format Version 12.00
# Visual Studio Version 17
VisualStudioVersion = 17.6.33829.357
MinimumVisualStudioVersion = 10.0.40219.1
Project("{FAE04EC0-301F-11D3-BF4B-00C04F79EFBC}") = "ChallengeApp", "ChallengeApp\ChallengeApp.csproj", "{E819081B-1686-49A4-8EB6-434E6630F13B}"
EndProject
Global
	GlobalSection(SolutionConfigurationPlatforms) = preSolution
		Debug|Any CPU = Debug|Any CPU
		Release|Any CPU = Release|Any CPU
	EndGlobalSection
	GlobalSection(ProjectConfigurationPlatforms) = postSolution
		{E819081B-1686-49A4-8EB6-434E6630F13B}.Debug|Any CPU.ActiveCfg = Debug|Any CPU
		{E819081B-1686-49A4-8EB6-434E6630F13B}.Debug|Any CPU.Build.0 = Debug|Any CPU
		{E819081B-1686-49A4-8EB6-434E6630F13B}.Release|Any CPU.ActiveCfg = Release|Any CPU
		{E819081B-1686-49A4-8EB6-434E6630F13B}.Release|Any CPU.Build.0 = Release|Any CPU
	EndGlobalSection
	GlobalSection(SolutionProperties) = preSolution
		HideSolutionNode = FALSE
	EndGlobalSection
	GlobalSection(ExtensibilityGlobals) = postSolution
		SolutionGuid = {97EF379D-6242-4BEB-98F6-5D5394440F64}
	EndGlobalSection
EndGlobal
